{
  "version": 4,
  "terraform_version": "1.9.8",
  "serial": 11,
  "lineage": "0b39de5a-8d14-0736-04e0-11928b461f0e",
  "outputs": {
    "artifact_registry_repo": {
      "value": "circle-artifacts",
      "type": "string"
    }
  },
  "resources": [
    {
      "mode": "data",
      "type": "external",
      "name": "get_artifact_registry_repo",
      "provider": "provider[\"registry.terraform.io/hashicorp/external\"]",
      "instances": [
        {
          "schema_version": 0,
          "attributes": {
            "id": "-",
            "program": [
              "bash",
              "gcp.sh"
            ],
            "query": {
              "project_id": "circledeployment",
              "region": "us-west2",
              "repository_id": "circle-artifacts"
            },
            "result": {
              "name": "circle-artifacts"
            },
            "working_dir": null
          },
          "sensitive_attributes": []
        }
      ]
    },
    {
      "mode": "managed",
      "type": "google_compute_instance",
      "name": "circle_instance",
      "provider": "provider[\"registry.terraform.io/hashicorp/google\"]",
      "instances": [
        {
          "schema_version": 6,
          "attributes": {
            "advanced_machine_features": [],
            "allow_stopping_for_update": null,
            "attached_disk": [],
            "boot_disk": [
              {
                "auto_delete": true,
                "device_name": "circle-instance",
                "disk_encryption_key_raw": "",
                "disk_encryption_key_sha256": "",
                "initialize_params": [
                  {
                    "enable_confidential_compute": false,
                    "image": "https://www.googleapis.com/compute/v1/projects/cos-cloud/global/images/cos-109-17800-218-69",
                    "labels": {},
                    "provisioned_iops": 0,
                    "provisioned_throughput": 0,
                    "resource_manager_tags": null,
                    "size": 50,
                    "type": "pd-balanced"
                  }
                ],
                "kms_key_self_link": "",
                "mode": "READ_WRITE",
                "source": "https://www.googleapis.com/compute/v1/projects/circledeployment/zones/us-west2-b/disks/circle-instance"
              }
            ],
            "can_ip_forward": false,
            "confidential_instance_config": [],
            "cpu_platform": "AMD Rome",
            "current_status": "RUNNING",
            "deletion_protection": false,
            "description": "",
            "desired_status": null,
            "effective_labels": {
              "container-vm": "cos-109-17800-218-69",
              "goog-ec-src": "vm_add-tf"
            },
            "enable_display": false,
            "guest_accelerator": [],
            "hostname": "",
            "id": "projects/circledeployment/zones/us-west2-b/instances/circle-instance",
            "instance_id": "610223192682441118",
            "label_fingerprint": "nlL8AELtThA=",
            "labels": {
              "container-vm": "cos-109-17800-218-69",
              "goog-ec-src": "vm_add-tf"
            },
            "machine_type": "e2-custom-8-16384",
            "metadata": {
              "gce-container-declaration": "spec:\n  containers:\n  - name: circle-instance\n    image: us-west2-docker.pkg.dev/circledeployment/circle-artifacts/circle-app:1730614436\n    env:\n    - name: MONGO_URI\n      value: mongodb+srv://ketanm:mongodb@circle-sjsu.8hkcq.mongodb.net/?retryWrites=true\u0026w=majority\u0026appName=circle-sjsu\n    - name: GOOGLE_TYPE\n      value: service_account\n    - name: GOOGLE_PROJECT_ID\n      value: circledeployment\n    - name: GOOGLE_PRIVATE_KEY_ID\n      value: 4d994737ca1770611b58b52338fd3adeab88d942\n    - name: GOOGLE_PRIVATE_KEY\n      value: -----BEGIN PRIVATE KEY-----\\nMIIEvQIBADANBgkqhkiG9w0BAQEFAASCBKcwggSjAgEAAoIBAQDIPmtdDb6reM/R\\nT/HmrhuENCqL6q4rJAvTvr3lYcvQz/NyY5Bx7s5FEuawQHDz9dyssjsgLm6oNJ2O\\nWBc82DerdS2rYYGOTbt3i7xr/l8bvglsvJTzPRf2fySk9At/kR9QdLBody1JaYUs\\nAIs0B13STw3yE2dJ5XzJuRoN1VCAbdyTdwrnIQM5b3c61XDgSmCBqmrEJg4VTXvB\\n4fyh9nGxze73OHNsMlAPxI3E8z2eNU17Gi3qroGP2WdPzBRmeEypCZOct8wM4woi\\npkYlz5bcLhTMVrDuzh02Jd3VT/AJAXWwKdeg1uLWHtJeeiBS96fl+vUytReVO1Zk\\nRNK+T30JAgMBAAECggEABGQ0DBAhWpbVbeh0LGQsl89iEHv20lzhwoTIGtf0dZGd\\n6+gJkqoTTXn+46YiJAOEEah9+fRyuk8fFnBRoCS4wdKZzAyhH/sN7a77lJ25Pb1C\\n7SbMmHICTMZYiiKM/wDygBvzA3N7o4TEJiUj6GHx+YsAygqJZRo6jJz52IxRTeOw\\n9DGd8C2bjPbnCu2qTrm+Hq5g0FYHDhOU/dLsPvkGIyVrb1NbrNyFmBnK8vOxNPJq\\nub03oyBuksucOeZBTSd9AXO8FldG6PUeImgLWbiWdI/eYASJ5wyW8qlWqn5EroCj\\nL4c2Mq7QZteTqzWS8zHpdCSyZ/aE3JKHkzDCockZoQKBgQDwO8D1fIyBW2aAx8Mw\\nRj5lxW2q3sPBJJf42v1a5xF2exXBqw9xddUEgrYu2IgqsO4CkP05wzD7iFYwHUpc\\nOqXW6L0FVQ27EV0tZL439mSgOrhGNcDU5mhX3FI+hkSiWZyJevEyATn6tfgiRENE\\nqOejvBaPLMndgcBEaVaKXwpHsQKBgQDVYslXZqdCCzI9gQ+gq9mCsoe89qUooVVF\\nYQIZCwtBzqTWMtwa54BCOPXIGmRdwZKx4icKFy4i6Se/i3re4inMXyMuTjCW+Xg4\\nSkat6OTl8zQA7UFP7WoAcPm5ygvZ559mom0ElEF4/yiZyWUBu89VPfK6bCwBBH5i\\nOkfzwgo42QKBgH6pYrGMO6Cwijj4GkfHoXqTP6FJ1rhtDNueyto03pYzi2MTSA8w\\na2H3cQr+C71GkBc2Tu03pwnX9mlj6CL8oRfQmmjHUXgCTbhzV3+2H5QDockS6lrW\\nKMm6Vnq03FclHE24Tpdo4iL38p5Ok5EN5SQFNXfDy6NImBD54TEPryHhAoGBAMXB\\n3LksgLwbZj9L2fDc8yNGU7gTmXLzOfSnd+s/qfoeCfQdhJFGlT5KTbZah0PAvzQu\\nVGHso6xlCpphKMlhLr2iOheTDUMOBpWceK56FZDq+PoW552seL3Z9gZyMtOK7taO\\nl5xTze3WA4mq9PpLVVY5qDePQqTaxkpAmyhUX2bZAoGADnzAa7MWvATZaKynbXVX\\nYtQr1LVQVdANDCHKM4ewXjnZG9aFZuifYsFePUebapBhZyQLmyaH2hp4JRcLYgWE\\nNZt0+BUz/7qY91Szg3IpiqYYLRH6VUzvVxrIQO3p4lnYQT0RV24D7rgTkLCvQl/G\\ntUWGIbX/yVRCbntPSKU0xrM=\\n-----END PRIVATE KEY-----\\n\n    - name: GOOGLE_CLIENT_EMAIL\n      value: cloud-deployment-demo@circledeployment.iam.gserviceaccount.com\n    - name: GOOGLE_CLIENT_ID\n      value: 105125737713769782774\n    - name: GOOGLE_AUTH_URI\n      value: https://accounts.google.com/o/oauth2/auth\n    - name: GOOGLE_TOKEN_URI\n      value: https://oauth2.googleapis.com/token\n    - name: GOOGLE_AUTH_PROVIDER_X509_CERT_URL\n      value: https://www.googleapis.com/oauth2/v1/certs\n    - name: GOOGLE_CLIENT_X509_CERT_URL\n      value: https://www.googleapis.com/robot/v1/metadata/x509/cloud-deployment-demo%40circledeployment.iam.gserviceaccount.com\n    - name: GOOGLE_UNIVERSE_DOMAIN\n      value: googleapis.com\n    stdin: false\n    tty: false\n  restartPolicy: OnFailure\n",
              "google-logging-enabled": "true"
            },
            "metadata_fingerprint": "oSJOfBx39FA=",
            "metadata_startup_script": null,
            "min_cpu_platform": "",
            "name": "circle-instance",
            "network_interface": [
              {
                "access_config": [
                  {
                    "nat_ip": "34.94.2.108",
                    "network_tier": "PREMIUM",
                    "public_ptr_domain_name": ""
                  }
                ],
                "alias_ip_range": [],
                "internal_ipv6_prefix_length": 0,
                "ipv6_access_config": [],
                "ipv6_access_type": "",
                "ipv6_address": "",
                "name": "nic0",
                "network": "https://www.googleapis.com/compute/v1/projects/circledeployment/global/networks/default",
                "network_ip": "10.168.0.10",
                "nic_type": "",
                "queue_count": 0,
                "stack_type": "IPV4_ONLY",
                "subnetwork": "https://www.googleapis.com/compute/v1/projects/circledeployment/regions/us-west2/subnetworks/default",
                "subnetwork_project": "circledeployment"
              }
            ],
            "network_performance_config": [],
            "params": [],
            "project": "circledeployment",
            "reservation_affinity": [],
            "resource_policies": null,
            "scheduling": [
              {
                "automatic_restart": true,
                "instance_termination_action": "",
                "local_ssd_recovery_timeout": [],
                "max_run_duration": [],
                "min_node_cpus": 0,
                "node_affinities": [],
                "on_host_maintenance": "MIGRATE",
                "on_instance_stop_action": [],
                "preemptible": false,
                "provisioning_model": "STANDARD"
              }
            ],
            "scratch_disk": [],
            "self_link": "https://www.googleapis.com/compute/v1/projects/circledeployment/zones/us-west2-b/instances/circle-instance",
            "service_account": [
              {
                "email": "cloud-deployment-demo@circledeployment.iam.gserviceaccount.com",
                "scopes": [
                  "https://www.googleapis.com/auth/cloud-platform"
                ]
              }
            ],
            "shielded_instance_config": [
              {
                "enable_integrity_monitoring": true,
                "enable_secure_boot": false,
                "enable_vtpm": true
              }
            ],
            "tags": [
              "http-server",
              "https-server"
            ],
            "tags_fingerprint": "6smc4R4d39I=",
            "terraform_labels": {
              "container-vm": "cos-109-17800-218-69",
              "goog-ec-src": "vm_add-tf"
            },
            "timeouts": null,
            "zone": "us-west2-b"
          },
          "sensitive_attributes": [
            [
              {
                "type": "get_attr",
                "value": "boot_disk"
              },
              {
                "type": "index",
                "value": {
                  "value": 0,
                  "type": "number"
                }
              },
              {
                "type": "get_attr",
                "value": "disk_encryption_key_raw"
              }
            ]
          ],
          "private": "eyJlMmJmYjczMC1lY2FhLTExZTYtOGY4OC0zNDM2M2JjN2M0YzAiOnsiY3JlYXRlIjoxMjAwMDAwMDAwMDAwLCJkZWxldGUiOjEyMDAwMDAwMDAwMDAsInVwZGF0ZSI6MTIwMDAwMDAwMDAwMH0sInNjaGVtYV92ZXJzaW9uIjoiNiJ9",
          "dependencies": [
            "null_resource.build_and_push_image"
          ]
        }
      ]
    },
    {
      "mode": "managed",
      "type": "null_resource",
      "name": "build_and_push_image",
      "provider": "provider[\"registry.terraform.io/hashicorp/null\"]",
      "instances": [
        {
          "schema_version": 0,
          "attributes": {
            "id": "6657830866399261195",
            "triggers": null
          },
          "sensitive_attributes": []
        }
      ]
    }
  ],
  "check_results": null
}
